// !$*UTF8*$!
{
	archiveVersion = 1;
	classes = {
	};
	objectVersion = 54;
	objects = {

/* Begin PBXBuildFile section */
		1F07C32430383DD75030DCD6 /* Pods_Water_My_Plants.framework in Frameworks */ = {isa = PBXBuildFile; fileRef = 3DD19596BF9A750985723602 /* Pods_Water_My_Plants.framework */; };
		220965AB2537D89E007B3DF8 /* .swiftlint.yml in Resources */ = {isa = PBXBuildFile; fileRef = 220965AA2537D89E007B3DF8 /* .swiftlint.yml */; };
		220965BA2537F12F007B3DF8 /* HomeView.storyboard in Resources */ = {isa = PBXBuildFile; fileRef = 220965B92537F12F007B3DF8 /* HomeView.storyboard */; };
		222DAC7825450F03009F6126 /* Notification.swift in Sources */ = {isa = PBXBuildFile; fileRef = 222DAC7725450F03009F6126 /* Notification.swift */; };
		224C2D8F253B5DEC005FD3C3 /* PlantRepresentation.swift in Sources */ = {isa = PBXBuildFile; fileRef = 224C2D8E253B5DEC005FD3C3 /* PlantRepresentation.swift */; };
		224C2D92253B5E11005FD3C3 /* Plant+Convenience.swift in Sources */ = {isa = PBXBuildFile; fileRef = 224C2D91253B5E11005FD3C3 /* Plant+Convenience.swift */; };
		2271CC8925394AC500F5B118 /* UserController.swift in Sources */ = {isa = PBXBuildFile; fileRef = 2271CC8825394AC500F5B118 /* UserController.swift */; };
		2271CC8D25394E6C00F5B118 /* CoreDataModel.xcdatamodeld in Sources */ = {isa = PBXBuildFile; fileRef = 2271CC8B25394E6C00F5B118 /* CoreDataModel.xcdatamodeld */; };
		2271CC912539549B00F5B118 /* CoreDataStack.swift in Sources */ = {isa = PBXBuildFile; fileRef = 2271CC902539549B00F5B118 /* CoreDataStack.swift */; };
		22811910253BF1DA00539C68 /* AuthServices.swift in Sources */ = {isa = PBXBuildFile; fileRef = 2281190F253BF1DA00539C68 /* AuthServices.swift */; };
		229FD166253BC9A800E92994 /* User.swift in Sources */ = {isa = PBXBuildFile; fileRef = 229FD165253BC9A800E92994 /* User.swift */; };
		229FD16A253BEB9600E92994 /* GoogleService-Info.plist in Resources */ = {isa = PBXBuildFile; fileRef = 229FD169253BEB9600E92994 /* GoogleService-Info.plist */; };
		22AE74532544AE9200F93F5D /* UIViewController+Alert.swift in Sources */ = {isa = PBXBuildFile; fileRef = 22AE74522544AE9200F93F5D /* UIViewController+Alert.swift */; };
		22B6B26B2538833700E16E81 /* RegistrationViewController.swift in Sources */ = {isa = PBXBuildFile; fileRef = 22B6B26A2538833700E16E81 /* RegistrationViewController.swift */; };
		22B71106253D3C9600C68699 /* LoginViewController.swift in Sources */ = {isa = PBXBuildFile; fileRef = 22B71105253D3C9600C68699 /* LoginViewController.swift */; };
		22BB1030253E6F5000A7CCDA /* OpeingViewController.swift in Sources */ = {isa = PBXBuildFile; fileRef = 22BB102F253E6F5000A7CCDA /* OpeingViewController.swift */; };
		22FF14B925412666002BCECF /* Bearer.swift in Sources */ = {isa = PBXBuildFile; fileRef = 22FF14B825412666002BCECF /* Bearer.swift */; };
		22FF14BD2541279A002BCECF /* Profile.storyboard in Resources */ = {isa = PBXBuildFile; fileRef = 22FF14BC2541279A002BCECF /* Profile.storyboard */; };
		22FF14C025412821002BCECF /* ProfileViewController.swift in Sources */ = {isa = PBXBuildFile; fileRef = 22FF14BF25412821002BCECF /* ProfileViewController.swift */; };
		70B981C8058D4F8CEB82CA07 /* Pods_Water_My_PlantsUITests.framework in Frameworks */ = {isa = PBXBuildFile; fileRef = E50ECF720BF9B91617745ECF /* Pods_Water_My_PlantsUITests.framework */; };
		C23A6474254116A800183FCE /* WaterMyPlantsTests.swift in Sources */ = {isa = PBXBuildFile; fileRef = C23A6473254116A800183FCE /* WaterMyPlantsTests.swift */; };
		C23A6521254136E900183FCE /* Water_My_PlantsUITests.swift in Sources */ = {isa = PBXBuildFile; fileRef = C23A6520254136E900183FCE /* Water_My_PlantsUITests.swift */; };
		C23A657D254700EA00183FCE /* PlantsModel.swift in Sources */ = {isa = PBXBuildFile; fileRef = C23A657C254700E900183FCE /* PlantsModel.swift */; };
		CA3E4AA5253E8386008FB785 /* BaseTableViewController.swift in Sources */ = {isa = PBXBuildFile; fileRef = CA3E4AA4253E8385008FB785 /* BaseTableViewController.swift */; };
		CA3E4AA8253E83D3008FB785 /* AddPlantViewController.swift in Sources */ = {isa = PBXBuildFile; fileRef = CA3E4AA7253E83D3008FB785 /* AddPlantViewController.swift */; };
		CA3E4AAD253E8408008FB785 /* PlantTableViewCell.swift in Sources */ = {isa = PBXBuildFile; fileRef = CA3E4AAC253E8408008FB785 /* PlantTableViewCell.swift */; };
		CA3E4AB2253E844F008FB785 /* LocalNotificationHelper.swift in Sources */ = {isa = PBXBuildFile; fileRef = CA3E4AB1253E844E008FB785 /* LocalNotificationHelper.swift */; };
		CA3E4ABA253EA2AB008FB785 /* MockData.swift in Sources */ = {isa = PBXBuildFile; fileRef = CA3E4AB9253EA2AA008FB785 /* MockData.swift */; };
		CA3E4ABD253EAED1008FB785 /* PlantCell.swift in Sources */ = {isa = PBXBuildFile; fileRef = CA3E4ABC253EAED1008FB785 /* PlantCell.swift */; };
		CA3E4AC1253EBC67008FB785 /* WaterMyPlantController.swift in Sources */ = {isa = PBXBuildFile; fileRef = CA3E4AC0253EBC66008FB785 /* WaterMyPlantController.swift */; };
		CA3E4AC4253EBD39008FB785 /* PlantPersistenceController.swift in Sources */ = {isa = PBXBuildFile; fileRef = CA3E4AC3253EBD39008FB785 /* PlantPersistenceController.swift */; };
		CA3E4AC7253F7F92008FB785 /* PlantDetailViewController.swift in Sources */ = {isa = PBXBuildFile; fileRef = CA3E4AC6253F7F91008FB785 /* PlantDetailViewController.swift */; };
		CA490CEB25426E4300E733E9 /* PlantDetail.storyboard in Resources */ = {isa = PBXBuildFile; fileRef = CA490CEA25426E4300E733E9 /* PlantDetail.storyboard */; };
		CA490D712547919100E733E9 /* Constants.swift in Sources */ = {isa = PBXBuildFile; fileRef = CA490D702547919100E733E9 /* Constants.swift */; };
		CA8E3D452536B2E900FE0E24 /* AppDelegate.swift in Sources */ = {isa = PBXBuildFile; fileRef = CA8E3D442536B2E900FE0E24 /* AppDelegate.swift */; };
		CA8E3D472536B2E900FE0E24 /* SceneDelegate.swift in Sources */ = {isa = PBXBuildFile; fileRef = CA8E3D462536B2E900FE0E24 /* SceneDelegate.swift */; };
		CA8E3D4C2536B2E900FE0E24 /* Main.storyboard in Resources */ = {isa = PBXBuildFile; fileRef = CA8E3D4A2536B2E900FE0E24 /* Main.storyboard */; };
		CA8E3D4E2536B2FD00FE0E24 /* Assets.xcassets in Resources */ = {isa = PBXBuildFile; fileRef = CA8E3D4D2536B2FD00FE0E24 /* Assets.xcassets */; };
		CA8E3D512536B2FE00FE0E24 /* LaunchScreen.storyboard in Resources */ = {isa = PBXBuildFile; fileRef = CA8E3D4F2536B2FE00FE0E24 /* LaunchScreen.storyboard */; };
		E14CA071C6CD646CA13580EF /* Pods_Water_My_PlantsTests.framework in Frameworks */ = {isa = PBXBuildFile; fileRef = 54A4107D3E131574C6202127 /* Pods_Water_My_PlantsTests.framework */; };
/* End PBXBuildFile section */

/* Begin PBXContainerItemProxy section */
		C23A646A2541167800183FCE /* PBXContainerItemProxy */ = {
			isa = PBXContainerItemProxy;
			containerPortal = CA8E3D392536B2E900FE0E24 /* Project object */;
			proxyType = 1;
			remoteGlobalIDString = CA8E3D402536B2E900FE0E24;
			remoteInfo = "Water My Plants";
		};
		C23A6523254136E900183FCE /* PBXContainerItemProxy */ = {
			isa = PBXContainerItemProxy;
			containerPortal = CA8E3D392536B2E900FE0E24 /* Project object */;
			proxyType = 1;
			remoteGlobalIDString = CA8E3D402536B2E900FE0E24;
			remoteInfo = "Water My Plants";
		};
/* End PBXContainerItemProxy section */

/* Begin PBXFileReference section */
		220965AA2537D89E007B3DF8 /* .swiftlint.yml */ = {isa = PBXFileReference; lastKnownFileType = text.yaml; path = .swiftlint.yml; sourceTree = "<group>"; };
		220965B92537F12F007B3DF8 /* HomeView.storyboard */ = {isa = PBXFileReference; lastKnownFileType = file.storyboard; path = HomeView.storyboard; sourceTree = "<group>"; };
		222DAC7725450F03009F6126 /* Notification.swift */ = {isa = PBXFileReference; lastKnownFileType = sourcecode.swift; path = Notification.swift; sourceTree = "<group>"; };
		224C2D8E253B5DEC005FD3C3 /* PlantRepresentation.swift */ = {isa = PBXFileReference; lastKnownFileType = sourcecode.swift; path = PlantRepresentation.swift; sourceTree = "<group>"; };
		224C2D91253B5E11005FD3C3 /* Plant+Convenience.swift */ = {isa = PBXFileReference; lastKnownFileType = sourcecode.swift; path = "Plant+Convenience.swift"; sourceTree = "<group>"; };
		2271CC8825394AC500F5B118 /* UserController.swift */ = {isa = PBXFileReference; lastKnownFileType = sourcecode.swift; path = UserController.swift; sourceTree = "<group>"; };
		2271CC8C25394E6C00F5B118 /* CoreDataModel.xcdatamodel */ = {isa = PBXFileReference; lastKnownFileType = wrapper.xcdatamodel; path = CoreDataModel.xcdatamodel; sourceTree = "<group>"; };
		2271CC902539549B00F5B118 /* CoreDataStack.swift */ = {isa = PBXFileReference; lastKnownFileType = sourcecode.swift; path = CoreDataStack.swift; sourceTree = "<group>"; };
		2281190F253BF1DA00539C68 /* AuthServices.swift */ = {isa = PBXFileReference; lastKnownFileType = sourcecode.swift; path = AuthServices.swift; sourceTree = "<group>"; };
		229FD165253BC9A800E92994 /* User.swift */ = {isa = PBXFileReference; lastKnownFileType = sourcecode.swift; path = User.swift; sourceTree = "<group>"; };
		229FD169253BEB9600E92994 /* GoogleService-Info.plist */ = {isa = PBXFileReference; fileEncoding = 4; lastKnownFileType = text.plist.xml; path = "GoogleService-Info.plist"; sourceTree = "<group>"; };
		22AE74522544AE9200F93F5D /* UIViewController+Alert.swift */ = {isa = PBXFileReference; lastKnownFileType = sourcecode.swift; path = "UIViewController+Alert.swift"; sourceTree = "<group>"; };
		22B6B26A2538833700E16E81 /* RegistrationViewController.swift */ = {isa = PBXFileReference; lastKnownFileType = sourcecode.swift; path = RegistrationViewController.swift; sourceTree = "<group>"; };
		22B71105253D3C9600C68699 /* LoginViewController.swift */ = {isa = PBXFileReference; lastKnownFileType = sourcecode.swift; path = LoginViewController.swift; sourceTree = "<group>"; };
		22BB102F253E6F5000A7CCDA /* OpeingViewController.swift */ = {isa = PBXFileReference; lastKnownFileType = sourcecode.swift; path = OpeingViewController.swift; sourceTree = "<group>"; };
		22FF14B825412666002BCECF /* Bearer.swift */ = {isa = PBXFileReference; lastKnownFileType = sourcecode.swift; path = Bearer.swift; sourceTree = "<group>"; };
		22FF14BC2541279A002BCECF /* Profile.storyboard */ = {isa = PBXFileReference; lastKnownFileType = file.storyboard; path = Profile.storyboard; sourceTree = "<group>"; };
		22FF14BF25412821002BCECF /* ProfileViewController.swift */ = {isa = PBXFileReference; lastKnownFileType = sourcecode.swift; path = ProfileViewController.swift; sourceTree = "<group>"; };
		24567DEC17558A67C80EB991 /* Pods-Water My Plants.release.xcconfig */ = {isa = PBXFileReference; includeInIndex = 1; lastKnownFileType = text.xcconfig; name = "Pods-Water My Plants.release.xcconfig"; path = "Target Support Files/Pods-Water My Plants/Pods-Water My Plants.release.xcconfig"; sourceTree = "<group>"; };
		2E821443AF3579E311ED7C86 /* Pods-Water My PlantsTests.debug.xcconfig */ = {isa = PBXFileReference; includeInIndex = 1; lastKnownFileType = text.xcconfig; name = "Pods-Water My PlantsTests.debug.xcconfig"; path = "Target Support Files/Pods-Water My PlantsTests/Pods-Water My PlantsTests.debug.xcconfig"; sourceTree = "<group>"; };
		3DD19596BF9A750985723602 /* Pods_Water_My_Plants.framework */ = {isa = PBXFileReference; explicitFileType = wrapper.framework; includeInIndex = 0; path = Pods_Water_My_Plants.framework; sourceTree = BUILT_PRODUCTS_DIR; };
		43F1DE6D9347440C6E40239E /* Pods-Water My Plants.debug.xcconfig */ = {isa = PBXFileReference; includeInIndex = 1; lastKnownFileType = text.xcconfig; name = "Pods-Water My Plants.debug.xcconfig"; path = "Target Support Files/Pods-Water My Plants/Pods-Water My Plants.debug.xcconfig"; sourceTree = "<group>"; };
		50E6ABDEFA8AC06D36853212 /* Pods-Water My PlantsTests.release.xcconfig */ = {isa = PBXFileReference; includeInIndex = 1; lastKnownFileType = text.xcconfig; name = "Pods-Water My PlantsTests.release.xcconfig"; path = "Target Support Files/Pods-Water My PlantsTests/Pods-Water My PlantsTests.release.xcconfig"; sourceTree = "<group>"; };
		54A4107D3E131574C6202127 /* Pods_Water_My_PlantsTests.framework */ = {isa = PBXFileReference; explicitFileType = wrapper.framework; includeInIndex = 0; path = Pods_Water_My_PlantsTests.framework; sourceTree = BUILT_PRODUCTS_DIR; };
		6166166176CB16B1107E645F /* Pods-Water My PlantsUITests.release.xcconfig */ = {isa = PBXFileReference; includeInIndex = 1; lastKnownFileType = text.xcconfig; name = "Pods-Water My PlantsUITests.release.xcconfig"; path = "Target Support Files/Pods-Water My PlantsUITests/Pods-Water My PlantsUITests.release.xcconfig"; sourceTree = "<group>"; };
		C23A64652541167700183FCE /* Water My PlantsTests.xctest */ = {isa = PBXFileReference; explicitFileType = wrapper.cfbundle; includeInIndex = 0; path = "Water My PlantsTests.xctest"; sourceTree = BUILT_PRODUCTS_DIR; };
		C23A64692541167800183FCE /* Info.plist */ = {isa = PBXFileReference; lastKnownFileType = text.plist.xml; path = Info.plist; sourceTree = "<group>"; };
		C23A6473254116A800183FCE /* WaterMyPlantsTests.swift */ = {isa = PBXFileReference; lastKnownFileType = sourcecode.swift; name = WaterMyPlantsTests.swift; path = ../../../../../Documents/WaterMyPlantsTests.swift; sourceTree = "<group>"; };
		C23A651E254136E900183FCE /* Water My PlantsUITests.xctest */ = {isa = PBXFileReference; explicitFileType = wrapper.cfbundle; includeInIndex = 0; path = "Water My PlantsUITests.xctest"; sourceTree = BUILT_PRODUCTS_DIR; };
		C23A6520254136E900183FCE /* Water_My_PlantsUITests.swift */ = {isa = PBXFileReference; lastKnownFileType = sourcecode.swift; path = Water_My_PlantsUITests.swift; sourceTree = "<group>"; };
		C23A6522254136E900183FCE /* Info.plist */ = {isa = PBXFileReference; lastKnownFileType = text.plist.xml; path = Info.plist; sourceTree = "<group>"; };
		C23A657C254700E900183FCE /* PlantsModel.swift */ = {isa = PBXFileReference; lastKnownFileType = sourcecode.swift; path = PlantsModel.swift; sourceTree = "<group>"; };
		CA3E4AA4253E8385008FB785 /* BaseTableViewController.swift */ = {isa = PBXFileReference; lastKnownFileType = sourcecode.swift; path = BaseTableViewController.swift; sourceTree = "<group>"; };
		CA3E4AA7253E83D3008FB785 /* AddPlantViewController.swift */ = {isa = PBXFileReference; lastKnownFileType = sourcecode.swift; path = AddPlantViewController.swift; sourceTree = "<group>"; };
		CA3E4AAC253E8408008FB785 /* PlantTableViewCell.swift */ = {isa = PBXFileReference; lastKnownFileType = sourcecode.swift; path = PlantTableViewCell.swift; sourceTree = "<group>"; };
		CA3E4AB1253E844E008FB785 /* LocalNotificationHelper.swift */ = {isa = PBXFileReference; lastKnownFileType = sourcecode.swift; path = LocalNotificationHelper.swift; sourceTree = "<group>"; };
		CA3E4AB9253EA2AA008FB785 /* MockData.swift */ = {isa = PBXFileReference; lastKnownFileType = sourcecode.swift; path = MockData.swift; sourceTree = "<group>"; };
		CA3E4ABC253EAED1008FB785 /* PlantCell.swift */ = {isa = PBXFileReference; lastKnownFileType = sourcecode.swift; path = PlantCell.swift; sourceTree = "<group>"; };
		CA3E4AC0253EBC66008FB785 /* WaterMyPlantController.swift */ = {isa = PBXFileReference; lastKnownFileType = sourcecode.swift; path = WaterMyPlantController.swift; sourceTree = "<group>"; };
		CA3E4AC3253EBD39008FB785 /* PlantPersistenceController.swift */ = {isa = PBXFileReference; lastKnownFileType = sourcecode.swift; path = PlantPersistenceController.swift; sourceTree = "<group>"; };
		CA3E4AC6253F7F91008FB785 /* PlantDetailViewController.swift */ = {isa = PBXFileReference; lastKnownFileType = sourcecode.swift; path = PlantDetailViewController.swift; sourceTree = "<group>"; };
		CA490CEA25426E4300E733E9 /* PlantDetail.storyboard */ = {isa = PBXFileReference; lastKnownFileType = file.storyboard; path = PlantDetail.storyboard; sourceTree = "<group>"; };
		CA490D702547919100E733E9 /* Constants.swift */ = {isa = PBXFileReference; lastKnownFileType = sourcecode.swift; path = Constants.swift; sourceTree = "<group>"; };
		CA8E3D412536B2E900FE0E24 /* Water My Plants.app */ = {isa = PBXFileReference; explicitFileType = wrapper.application; includeInIndex = 0; path = "Water My Plants.app"; sourceTree = BUILT_PRODUCTS_DIR; };
		CA8E3D442536B2E900FE0E24 /* AppDelegate.swift */ = {isa = PBXFileReference; lastKnownFileType = sourcecode.swift; path = AppDelegate.swift; sourceTree = "<group>"; };
		CA8E3D462536B2E900FE0E24 /* SceneDelegate.swift */ = {isa = PBXFileReference; lastKnownFileType = sourcecode.swift; path = SceneDelegate.swift; sourceTree = "<group>"; };
		CA8E3D4B2536B2E900FE0E24 /* Base */ = {isa = PBXFileReference; lastKnownFileType = file.storyboard; name = Base; path = Base.lproj/Main.storyboard; sourceTree = "<group>"; };
		CA8E3D4D2536B2FD00FE0E24 /* Assets.xcassets */ = {isa = PBXFileReference; lastKnownFileType = folder.assetcatalog; path = Assets.xcassets; sourceTree = "<group>"; };
		CA8E3D502536B2FE00FE0E24 /* Base */ = {isa = PBXFileReference; lastKnownFileType = file.storyboard; name = Base; path = Base.lproj/LaunchScreen.storyboard; sourceTree = "<group>"; };
		CA8E3D522536B2FE00FE0E24 /* Info.plist */ = {isa = PBXFileReference; lastKnownFileType = text.plist.xml; path = Info.plist; sourceTree = "<group>"; };
		E50ECF720BF9B91617745ECF /* Pods_Water_My_PlantsUITests.framework */ = {isa = PBXFileReference; explicitFileType = wrapper.framework; includeInIndex = 0; path = Pods_Water_My_PlantsUITests.framework; sourceTree = BUILT_PRODUCTS_DIR; };
		EAB248B05166C1F64A036754 /* Pods-Water My PlantsUITests.debug.xcconfig */ = {isa = PBXFileReference; includeInIndex = 1; lastKnownFileType = text.xcconfig; name = "Pods-Water My PlantsUITests.debug.xcconfig"; path = "Target Support Files/Pods-Water My PlantsUITests/Pods-Water My PlantsUITests.debug.xcconfig"; sourceTree = "<group>"; };
/* End PBXFileReference section */

/* Begin PBXFrameworksBuildPhase section */
		C23A64622541167700183FCE /* Frameworks */ = {
			isa = PBXFrameworksBuildPhase;
			buildActionMask = 2147483647;
			files = (
				E14CA071C6CD646CA13580EF /* Pods_Water_My_PlantsTests.framework in Frameworks */,
			);
			runOnlyForDeploymentPostprocessing = 0;
		};
		C23A651B254136E900183FCE /* Frameworks */ = {
			isa = PBXFrameworksBuildPhase;
			buildActionMask = 2147483647;
			files = (
				70B981C8058D4F8CEB82CA07 /* Pods_Water_My_PlantsUITests.framework in Frameworks */,
			);
			runOnlyForDeploymentPostprocessing = 0;
		};
		CA8E3D3E2536B2E900FE0E24 /* Frameworks */ = {
			isa = PBXFrameworksBuildPhase;
			buildActionMask = 2147483647;
			files = (
				1F07C32430383DD75030DCD6 /* Pods_Water_My_Plants.framework in Frameworks */,
			);
			runOnlyForDeploymentPostprocessing = 0;
		};
/* End PBXFrameworksBuildPhase section */

/* Begin PBXGroup section */
		220965AD2537E252007B3DF8 /* Storyboard Login */ = {
			isa = PBXGroup;
			children = (
				CA8E3D4F2536B2FE00FE0E24 /* LaunchScreen.storyboard */,
				CA8E3D4A2536B2E900FE0E24 /* Main.storyboard */,
			);
			path = "Storyboard Login";
			sourceTree = "<group>";
		};
		220965AE2537E273007B3DF8 /* Storyboard Home */ = {
			isa = PBXGroup;
			children = (
				220965B92537F12F007B3DF8 /* HomeView.storyboard */,
			);
			path = "Storyboard Home";
			sourceTree = "<group>";
		};
		220965B12537E311007B3DF8 /* Resources */ = {
			isa = PBXGroup;
			children = (
				CA8E3D442536B2E900FE0E24 /* AppDelegate.swift */,
				CA8E3D462536B2E900FE0E24 /* SceneDelegate.swift */,
				CA8E3D4D2536B2FD00FE0E24 /* Assets.xcassets */,
			);
			path = Resources;
			sourceTree = "<group>";
		};
		224C2D8D253B5DBF005FD3C3 /* Model Controllers */ = {
			isa = PBXGroup;
			children = (
				2271CC8825394AC500F5B118 /* UserController.swift */,
				CA3E4AC0253EBC66008FB785 /* WaterMyPlantController.swift */,
				CA3E4AC3253EBD39008FB785 /* PlantPersistenceController.swift */,
				C23A657C254700E900183FCE /* PlantsModel.swift */,
			);
			path = "Model Controllers";
			sourceTree = "<group>";
		};
		2271CC8725394A9700F5B118 /* CoreDataModels */ = {
			isa = PBXGroup;
			children = (
				2271CC8B25394E6C00F5B118 /* CoreDataModel.xcdatamodeld */,
				2271CC902539549B00F5B118 /* CoreDataStack.swift */,
				224C2D8E253B5DEC005FD3C3 /* PlantRepresentation.swift */,
				224C2D91253B5E11005FD3C3 /* Plant+Convenience.swift */,
			);
			path = CoreDataModels;
			sourceTree = "<group>";
		};
		2281190E253BF1AF00539C68 /* Network */ = {
			isa = PBXGroup;
			children = (
				2281190F253BF1DA00539C68 /* AuthServices.swift */,
			);
			path = Network;
			sourceTree = "<group>";
		};
		22B6B2692538831700E16E81 /* View Controllers */ = {
			isa = PBXGroup;
			children = (
				22B6B26A2538833700E16E81 /* RegistrationViewController.swift */,
				22B71105253D3C9600C68699 /* LoginViewController.swift */,
				22BB102F253E6F5000A7CCDA /* OpeingViewController.swift */,
				CA3E4AA4253E8385008FB785 /* BaseTableViewController.swift */,
				CA3E4AA7253E83D3008FB785 /* AddPlantViewController.swift */,
				CA3E4AC6253F7F91008FB785 /* PlantDetailViewController.swift */,
				22FF14BF25412821002BCECF /* ProfileViewController.swift */,
			);
			path = "View Controllers";
			sourceTree = "<group>";
		};
		22FF14BB25412765002BCECF /* Storyboard Profile */ = {
			isa = PBXGroup;
			children = (
				22FF14BC2541279A002BCECF /* Profile.storyboard */,
			);
			path = "Storyboard Profile";
			sourceTree = "<group>";
		};
		2605541DFDBC755271FFA611 /* Pods */ = {
			isa = PBXGroup;
			children = (
				43F1DE6D9347440C6E40239E /* Pods-Water My Plants.debug.xcconfig */,
				24567DEC17558A67C80EB991 /* Pods-Water My Plants.release.xcconfig */,
				2E821443AF3579E311ED7C86 /* Pods-Water My PlantsTests.debug.xcconfig */,
				50E6ABDEFA8AC06D36853212 /* Pods-Water My PlantsTests.release.xcconfig */,
				EAB248B05166C1F64A036754 /* Pods-Water My PlantsUITests.debug.xcconfig */,
				6166166176CB16B1107E645F /* Pods-Water My PlantsUITests.release.xcconfig */,
			);
			path = Pods;
			sourceTree = "<group>";
		};
		38C9915F43640A1A9D2477D0 /* Frameworks */ = {
			isa = PBXGroup;
			children = (
				3DD19596BF9A750985723602 /* Pods_Water_My_Plants.framework */,
				54A4107D3E131574C6202127 /* Pods_Water_My_PlantsTests.framework */,
				E50ECF720BF9B91617745ECF /* Pods_Water_My_PlantsUITests.framework */,
			);
			name = Frameworks;
			sourceTree = "<group>";
		};
		C23A64662541167800183FCE /* Water My PlantsTests */ = {
			isa = PBXGroup;
			children = (
				C23A64692541167800183FCE /* Info.plist */,
				C23A6473254116A800183FCE /* WaterMyPlantsTests.swift */,
			);
			path = "Water My PlantsTests";
			sourceTree = "<group>";
		};
		C23A651F254136E900183FCE /* Water My PlantsUITests */ = {
			isa = PBXGroup;
			children = (
				C23A6520254136E900183FCE /* Water_My_PlantsUITests.swift */,
				C23A6522254136E900183FCE /* Info.plist */,
			);
			path = "Water My PlantsUITests";
			sourceTree = "<group>";
		};
		CA3E4AAA253E83DD008FB785 /* Views */ = {
			isa = PBXGroup;
			children = (
				CA3E4AAB253E83E8008FB785 /* Cells */,
			);
			path = Views;
			sourceTree = "<group>";
		};
		CA3E4AAB253E83E8008FB785 /* Cells */ = {
			isa = PBXGroup;
			children = (
				CA3E4AAC253E8408008FB785 /* PlantTableViewCell.swift */,
				CA3E4ABC253EAED1008FB785 /* PlantCell.swift */,
			);
			path = Cells;
			sourceTree = "<group>";
		};
		CA3E4AB0253E8429008FB785 /* Helpers */ = {
			isa = PBXGroup;
			children = (
				CA3E4AB1253E844E008FB785 /* LocalNotificationHelper.swift */,
				CA3E4AB9253EA2AA008FB785 /* MockData.swift */,
				222DAC7725450F03009F6126 /* Notification.swift */,
				22AE74522544AE9200F93F5D /* UIViewController+Alert.swift */,
				CA490D702547919100E733E9 /* Constants.swift */,
			);
			path = Helpers;
			sourceTree = "<group>";
		};
		CA490CE825426DE400E733E9 /* Storyboards */ = {
			isa = PBXGroup;
			children = (
				CA490CE925426E1800E733E9 /* Stroyboard PlantDetail */,
				22FF14BB25412765002BCECF /* Storyboard Profile */,
				220965AE2537E273007B3DF8 /* Storyboard Home */,
				220965AD2537E252007B3DF8 /* Storyboard Login */,
			);
			path = Storyboards;
			sourceTree = "<group>";
		};
		CA490CE925426E1800E733E9 /* Stroyboard PlantDetail */ = {
			isa = PBXGroup;
			children = (
				CA490CEA25426E4300E733E9 /* PlantDetail.storyboard */,
			);
			path = "Stroyboard PlantDetail";
			sourceTree = "<group>";
		};
		CA490D102544992700E733E9 /* Models */ = {
			isa = PBXGroup;
			children = (
				229FD165253BC9A800E92994 /* User.swift */,
				22FF14B825412666002BCECF /* Bearer.swift */,
			);
			path = Models;
			sourceTree = "<group>";
		};
		CA8E3D382536B2E900FE0E24 = {
			isa = PBXGroup;
			children = (
				220965AA2537D89E007B3DF8 /* .swiftlint.yml */,
				CA8E3D432536B2E900FE0E24 /* Water My Plants */,
				C23A64662541167800183FCE /* Water My PlantsTests */,
				C23A651F254136E900183FCE /* Water My PlantsUITests */,
				CA8E3D422536B2E900FE0E24 /* Products */,
				2605541DFDBC755271FFA611 /* Pods */,
				38C9915F43640A1A9D2477D0 /* Frameworks */,
			);
			sourceTree = "<group>";
		};
		CA8E3D422536B2E900FE0E24 /* Products */ = {
			isa = PBXGroup;
			children = (
				CA8E3D412536B2E900FE0E24 /* Water My Plants.app */,
				C23A64652541167700183FCE /* Water My PlantsTests.xctest */,
				C23A651E254136E900183FCE /* Water My PlantsUITests.xctest */,
			);
			name = Products;
			sourceTree = "<group>";
		};
		CA8E3D432536B2E900FE0E24 /* Water My Plants */ = {
			isa = PBXGroup;
			children = (
				CA490D102544992700E733E9 /* Models */,
				CA3E4AB0253E8429008FB785 /* Helpers */,
				CA3E4AAA253E83DD008FB785 /* Views */,
				2281190E253BF1AF00539C68 /* Network */,
				2271CC8725394A9700F5B118 /* CoreDataModels */,
				224C2D8D253B5DBF005FD3C3 /* Model Controllers */,
				22B6B2692538831700E16E81 /* View Controllers */,
				CA490CE825426DE400E733E9 /* Storyboards */,
				220965B12537E311007B3DF8 /* Resources */,
				CA8E3D522536B2FE00FE0E24 /* Info.plist */,
				229FD169253BEB9600E92994 /* GoogleService-Info.plist */,
			);
			path = "Water My Plants";
			sourceTree = "<group>";
		};
/* End PBXGroup section */

/* Begin PBXNativeTarget section */
		C23A64642541167700183FCE /* Water My PlantsTests */ = {
			isa = PBXNativeTarget;
			buildConfigurationList = C23A646E2541167800183FCE /* Build configuration list for PBXNativeTarget "Water My PlantsTests" */;
			buildPhases = (
				AE40E7D901DD364BDC3C28BA /* [CP] Check Pods Manifest.lock */,
				C23A64612541167700183FCE /* Sources */,
				C23A64622541167700183FCE /* Frameworks */,
				C23A64632541167700183FCE /* Resources */,
				C3BA83D436CFF96A79E95825 /* [CP] Embed Pods Frameworks */,
			);
			buildRules = (
			);
			dependencies = (
				C23A646B2541167800183FCE /* PBXTargetDependency */,
			);
			name = "Water My PlantsTests";
			productName = "Water My PlantsTests";
			productReference = C23A64652541167700183FCE /* Water My PlantsTests.xctest */;
			productType = "com.apple.product-type.bundle.unit-test";
		};
		C23A651D254136E900183FCE /* Water My PlantsUITests */ = {
			isa = PBXNativeTarget;
			buildConfigurationList = C23A6525254136E900183FCE /* Build configuration list for PBXNativeTarget "Water My PlantsUITests" */;
			buildPhases = (
				86964012F6489F5B5A538AAF /* [CP] Check Pods Manifest.lock */,
				C23A651A254136E900183FCE /* Sources */,
				C23A651B254136E900183FCE /* Frameworks */,
				C23A651C254136E900183FCE /* Resources */,
				BF9206A8ED224DA0E0862B35 /* [CP] Embed Pods Frameworks */,
			);
			buildRules = (
			);
			dependencies = (
				C23A6524254136E900183FCE /* PBXTargetDependency */,
			);
			name = "Water My PlantsUITests";
			productName = "Water My PlantsUITests";
			productReference = C23A651E254136E900183FCE /* Water My PlantsUITests.xctest */;
			productType = "com.apple.product-type.bundle.ui-testing";
		};
		CA8E3D402536B2E900FE0E24 /* Water My Plants */ = {
			isa = PBXNativeTarget;
			buildConfigurationList = CA8E3D552536B2FE00FE0E24 /* Build configuration list for PBXNativeTarget "Water My Plants" */;
			buildPhases = (
				D093C4F7D2F97C26A5FCF99B /* [CP] Check Pods Manifest.lock */,
				CA8E3D3D2536B2E900FE0E24 /* Sources */,
				CA8E3D3E2536B2E900FE0E24 /* Frameworks */,
				CA8E3D3F2536B2E900FE0E24 /* Resources */,
				225911DB2537D76400037935 /* ShellScript */,
				A3E1026441028F21E31C1E8E /* [CP] Embed Pods Frameworks */,
			);
			buildRules = (
			);
			dependencies = (
			);
			name = "Water My Plants";
			productName = "Water My Plants";
			productReference = CA8E3D412536B2E900FE0E24 /* Water My Plants.app */;
			productType = "com.apple.product-type.application";
		};
/* End PBXNativeTarget section */

/* Begin PBXProject section */
		CA8E3D392536B2E900FE0E24 /* Project object */ = {
			isa = PBXProject;
			attributes = {
				LastSwiftUpdateCheck = 1200;
				LastUpgradeCheck = 1200;
				TargetAttributes = {
					C23A64642541167700183FCE = {
						CreatedOnToolsVersion = 12.0.1;
						LastSwiftMigration = 1200;
						TestTargetID = CA8E3D402536B2E900FE0E24;
					};
					C23A651D254136E900183FCE = {
						CreatedOnToolsVersion = 12.0.1;
						TestTargetID = CA8E3D402536B2E900FE0E24;
					};
					CA8E3D402536B2E900FE0E24 = {
						CreatedOnToolsVersion = 12.0;
					};
				};
			};
			buildConfigurationList = CA8E3D3C2536B2E900FE0E24 /* Build configuration list for PBXProject "Water My Plants" */;
			compatibilityVersion = "Xcode 9.3";
			developmentRegion = en;
			hasScannedForEncodings = 0;
			knownRegions = (
				en,
				Base,
			);
			mainGroup = CA8E3D382536B2E900FE0E24;
			productRefGroup = CA8E3D422536B2E900FE0E24 /* Products */;
			projectDirPath = "";
			projectRoot = "";
			targets = (
				CA8E3D402536B2E900FE0E24 /* Water My Plants */,
				C23A64642541167700183FCE /* Water My PlantsTests */,
				C23A651D254136E900183FCE /* Water My PlantsUITests */,
			);
		};
/* End PBXProject section */

/* Begin PBXResourcesBuildPhase section */
		C23A64632541167700183FCE /* Resources */ = {
			isa = PBXResourcesBuildPhase;
			buildActionMask = 2147483647;
			files = (
			);
			runOnlyForDeploymentPostprocessing = 0;
		};
		C23A651C254136E900183FCE /* Resources */ = {
			isa = PBXResourcesBuildPhase;
			buildActionMask = 2147483647;
			files = (
			);
			runOnlyForDeploymentPostprocessing = 0;
		};
		CA8E3D3F2536B2E900FE0E24 /* Resources */ = {
			isa = PBXResourcesBuildPhase;
			buildActionMask = 2147483647;
			files = (
				220965BA2537F12F007B3DF8 /* HomeView.storyboard in Resources */,
				220965AB2537D89E007B3DF8 /* .swiftlint.yml in Resources */,
				CA8E3D512536B2FE00FE0E24 /* LaunchScreen.storyboard in Resources */,
				CA8E3D4E2536B2FD00FE0E24 /* Assets.xcassets in Resources */,
				CA8E3D4C2536B2E900FE0E24 /* Main.storyboard in Resources */,
				22FF14BD2541279A002BCECF /* Profile.storyboard in Resources */,
				229FD16A253BEB9600E92994 /* GoogleService-Info.plist in Resources */,
				CA490CEB25426E4300E733E9 /* PlantDetail.storyboard in Resources */,
			);
			runOnlyForDeploymentPostprocessing = 0;
		};
/* End PBXResourcesBuildPhase section */

/* Begin PBXShellScriptBuildPhase section */
		225911DB2537D76400037935 /* ShellScript */ = {
			isa = PBXShellScriptBuildPhase;
			alwaysOutOfDate = 1;
			buildActionMask = 8;
			files = (
			);
			inputFileListPaths = (
			);
			inputPaths = (
			);
			outputFileListPaths = (
			);
			outputPaths = (
			);
			runOnlyForDeploymentPostprocessing = 1;
			shellPath = /bin/sh;
			shellScript = "# Type a script or drag a script file from your workspace to insert its path.\nif which swiftlint >/dev/null; then\n  swiftlint\nelse\n  echo \"warning: SwiftLint not installed, download from https://github.com/realm/SwiftLint\"\nfi\n";
		};
		86964012F6489F5B5A538AAF /* [CP] Check Pods Manifest.lock */ = {
			isa = PBXShellScriptBuildPhase;
			buildActionMask = 2147483647;
			files = (
			);
			inputFileListPaths = (
			);
			inputPaths = (
				"${PODS_PODFILE_DIR_PATH}/Podfile.lock",
				"${PODS_ROOT}/Manifest.lock",
			);
			name = "[CP] Check Pods Manifest.lock";
			outputFileListPaths = (
			);
			outputPaths = (
				"$(DERIVED_FILE_DIR)/Pods-Water My PlantsUITests-checkManifestLockResult.txt",
			);
			runOnlyForDeploymentPostprocessing = 0;
			shellPath = /bin/sh;
			shellScript = "diff \"${PODS_PODFILE_DIR_PATH}/Podfile.lock\" \"${PODS_ROOT}/Manifest.lock\" > /dev/null\nif [ $? != 0 ] ; then\n    # print error to STDERR\n    echo \"error: The sandbox is not in sync with the Podfile.lock. Run 'pod install' or update your CocoaPods installation.\" >&2\n    exit 1\nfi\n# This output is used by Xcode 'outputs' to avoid re-running this script phase.\necho \"SUCCESS\" > \"${SCRIPT_OUTPUT_FILE_0}\"\n";
			showEnvVarsInLog = 0;
		};
		A3E1026441028F21E31C1E8E /* [CP] Embed Pods Frameworks */ = {
			isa = PBXShellScriptBuildPhase;
			buildActionMask = 2147483647;
			files = (
			);
			inputFileListPaths = (
				"${PODS_ROOT}/Target Support Files/Pods-Water My Plants/Pods-Water My Plants-frameworks-${CONFIGURATION}-input-files.xcfilelist",
			);
			name = "[CP] Embed Pods Frameworks";
			outputFileListPaths = (
				"${PODS_ROOT}/Target Support Files/Pods-Water My Plants/Pods-Water My Plants-frameworks-${CONFIGURATION}-output-files.xcfilelist",
			);
			runOnlyForDeploymentPostprocessing = 0;
			shellPath = /bin/sh;
			shellScript = "\"${PODS_ROOT}/Target Support Files/Pods-Water My Plants/Pods-Water My Plants-frameworks.sh\"\n";
			showEnvVarsInLog = 0;
		};
		AE40E7D901DD364BDC3C28BA /* [CP] Check Pods Manifest.lock */ = {
			isa = PBXShellScriptBuildPhase;
			buildActionMask = 2147483647;
			files = (
			);
			inputFileListPaths = (
			);
			inputPaths = (
				"${PODS_PODFILE_DIR_PATH}/Podfile.lock",
				"${PODS_ROOT}/Manifest.lock",
			);
			name = "[CP] Check Pods Manifest.lock";
			outputFileListPaths = (
			);
			outputPaths = (
				"$(DERIVED_FILE_DIR)/Pods-Water My PlantsTests-checkManifestLockResult.txt",
			);
			runOnlyForDeploymentPostprocessing = 0;
			shellPath = /bin/sh;
			shellScript = "diff \"${PODS_PODFILE_DIR_PATH}/Podfile.lock\" \"${PODS_ROOT}/Manifest.lock\" > /dev/null\nif [ $? != 0 ] ; then\n    # print error to STDERR\n    echo \"error: The sandbox is not in sync with the Podfile.lock. Run 'pod install' or update your CocoaPods installation.\" >&2\n    exit 1\nfi\n# This output is used by Xcode 'outputs' to avoid re-running this script phase.\necho \"SUCCESS\" > \"${SCRIPT_OUTPUT_FILE_0}\"\n";
			showEnvVarsInLog = 0;
		};
		BF9206A8ED224DA0E0862B35 /* [CP] Embed Pods Frameworks */ = {
			isa = PBXShellScriptBuildPhase;
			buildActionMask = 2147483647;
			files = (
			);
			inputFileListPaths = (
				"${PODS_ROOT}/Target Support Files/Pods-Water My PlantsUITests/Pods-Water My PlantsUITests-frameworks-${CONFIGURATION}-input-files.xcfilelist",
			);
			name = "[CP] Embed Pods Frameworks";
			outputFileListPaths = (
				"${PODS_ROOT}/Target Support Files/Pods-Water My PlantsUITests/Pods-Water My PlantsUITests-frameworks-${CONFIGURATION}-output-files.xcfilelist",
			);
			runOnlyForDeploymentPostprocessing = 0;
			shellPath = /bin/sh;
			shellScript = "\"${PODS_ROOT}/Target Support Files/Pods-Water My PlantsUITests/Pods-Water My PlantsUITests-frameworks.sh\"\n";
			showEnvVarsInLog = 0;
		};
		C3BA83D436CFF96A79E95825 /* [CP] Embed Pods Frameworks */ = {
			isa = PBXShellScriptBuildPhase;
			buildActionMask = 2147483647;
			files = (
			);
			inputFileListPaths = (
				"${PODS_ROOT}/Target Support Files/Pods-Water My PlantsTests/Pods-Water My PlantsTests-frameworks-${CONFIGURATION}-input-files.xcfilelist",
			);
			name = "[CP] Embed Pods Frameworks";
			outputFileListPaths = (
				"${PODS_ROOT}/Target Support Files/Pods-Water My PlantsTests/Pods-Water My PlantsTests-frameworks-${CONFIGURATION}-output-files.xcfilelist",
			);
			runOnlyForDeploymentPostprocessing = 0;
			shellPath = /bin/sh;
			shellScript = "\"${PODS_ROOT}/Target Support Files/Pods-Water My PlantsTests/Pods-Water My PlantsTests-frameworks.sh\"\n";
			showEnvVarsInLog = 0;
		};
		D093C4F7D2F97C26A5FCF99B /* [CP] Check Pods Manifest.lock */ = {
			isa = PBXShellScriptBuildPhase;
			buildActionMask = 2147483647;
			files = (
			);
			inputFileListPaths = (
			);
			inputPaths = (
				"${PODS_PODFILE_DIR_PATH}/Podfile.lock",
				"${PODS_ROOT}/Manifest.lock",
			);
			name = "[CP] Check Pods Manifest.lock";
			outputFileListPaths = (
			);
			outputPaths = (
				"$(DERIVED_FILE_DIR)/Pods-Water My Plants-checkManifestLockResult.txt",
			);
			runOnlyForDeploymentPostprocessing = 0;
			shellPath = /bin/sh;
			shellScript = "diff \"${PODS_PODFILE_DIR_PATH}/Podfile.lock\" \"${PODS_ROOT}/Manifest.lock\" > /dev/null\nif [ $? != 0 ] ; then\n    # print error to STDERR\n    echo \"error: The sandbox is not in sync with the Podfile.lock. Run 'pod install' or update your CocoaPods installation.\" >&2\n    exit 1\nfi\n# This output is used by Xcode 'outputs' to avoid re-running this script phase.\necho \"SUCCESS\" > \"${SCRIPT_OUTPUT_FILE_0}\"\n";
			showEnvVarsInLog = 0;
		};
/* End PBXShellScriptBuildPhase section */

/* Begin PBXSourcesBuildPhase section */
		C23A64612541167700183FCE /* Sources */ = {
			isa = PBXSourcesBuildPhase;
			buildActionMask = 2147483647;
			files = (
				C23A6474254116A800183FCE /* WaterMyPlantsTests.swift in Sources */,
			);
			runOnlyForDeploymentPostprocessing = 0;
		};
		C23A651A254136E900183FCE /* Sources */ = {
			isa = PBXSourcesBuildPhase;
			buildActionMask = 2147483647;
			files = (
				C23A6521254136E900183FCE /* Water_My_PlantsUITests.swift in Sources */,
			);
			runOnlyForDeploymentPostprocessing = 0;
		};
		CA8E3D3D2536B2E900FE0E24 /* Sources */ = {
			isa = PBXSourcesBuildPhase;
			buildActionMask = 2147483647;
			files = (
				22FF14B925412666002BCECF /* Bearer.swift in Sources */,
				2271CC8925394AC500F5B118 /* UserController.swift in Sources */,
				224C2D92253B5E11005FD3C3 /* Plant+Convenience.swift in Sources */,
				CA3E4AA8253E83D3008FB785 /* AddPlantViewController.swift in Sources */,
				CA3E4ABA253EA2AB008FB785 /* MockData.swift in Sources */,
				CA3E4AA5253E8386008FB785 /* BaseTableViewController.swift in Sources */,
				22B6B26B2538833700E16E81 /* RegistrationViewController.swift in Sources */,
				CA3E4AC4253EBD39008FB785 /* PlantPersistenceController.swift in Sources */,
				CA8E3D452536B2E900FE0E24 /* AppDelegate.swift in Sources */,
				CA8E3D472536B2E900FE0E24 /* SceneDelegate.swift in Sources */,
				22811910253BF1DA00539C68 /* AuthServices.swift in Sources */,
				C23A657D254700EA00183FCE /* PlantsModel.swift in Sources */,
				224C2D8F253B5DEC005FD3C3 /* PlantRepresentation.swift in Sources */,
				2271CC912539549B00F5B118 /* CoreDataStack.swift in Sources */,
				CA3E4AB2253E844F008FB785 /* LocalNotificationHelper.swift in Sources */,
				CA3E4AC1253EBC67008FB785 /* WaterMyPlantController.swift in Sources */,
				22AE74532544AE9200F93F5D /* UIViewController+Alert.swift in Sources */,
				222DAC7825450F03009F6126 /* Notification.swift in Sources */,
				22FF14C025412821002BCECF /* ProfileViewController.swift in Sources */,
				229FD166253BC9A800E92994 /* User.swift in Sources */,
				2271CC8D25394E6C00F5B118 /* CoreDataModel.xcdatamodeld in Sources */,
				22BB1030253E6F5000A7CCDA /* OpeingViewController.swift in Sources */,
				CA3E4ABD253EAED1008FB785 /* PlantCell.swift in Sources */,
				22B71106253D3C9600C68699 /* LoginViewController.swift in Sources */,
				CA3E4AAD253E8408008FB785 /* PlantTableViewCell.swift in Sources */,
				CA3E4AC7253F7F92008FB785 /* PlantDetailViewController.swift in Sources */,
				CA490D712547919100E733E9 /* Constants.swift in Sources */,
			);
			runOnlyForDeploymentPostprocessing = 0;
		};
/* End PBXSourcesBuildPhase section */

/* Begin PBXTargetDependency section */
		C23A646B2541167800183FCE /* PBXTargetDependency */ = {
			isa = PBXTargetDependency;
			target = CA8E3D402536B2E900FE0E24 /* Water My Plants */;
			targetProxy = C23A646A2541167800183FCE /* PBXContainerItemProxy */;
		};
		C23A6524254136E900183FCE /* PBXTargetDependency */ = {
			isa = PBXTargetDependency;
			target = CA8E3D402536B2E900FE0E24 /* Water My Plants */;
			targetProxy = C23A6523254136E900183FCE /* PBXContainerItemProxy */;
		};
/* End PBXTargetDependency section */

/* Begin PBXVariantGroup section */
		CA8E3D4A2536B2E900FE0E24 /* Main.storyboard */ = {
			isa = PBXVariantGroup;
			children = (
				CA8E3D4B2536B2E900FE0E24 /* Base */,
			);
			name = Main.storyboard;
			sourceTree = "<group>";
		};
		CA8E3D4F2536B2FE00FE0E24 /* LaunchScreen.storyboard */ = {
			isa = PBXVariantGroup;
			children = (
				CA8E3D502536B2FE00FE0E24 /* Base */,
			);
			name = LaunchScreen.storyboard;
			sourceTree = "<group>";
		};
/* End PBXVariantGroup section */

/* Begin XCBuildConfiguration section */
		C23A646C2541167800183FCE /* Debug */ = {
			isa = XCBuildConfiguration;
			baseConfigurationReference = 2E821443AF3579E311ED7C86 /* Pods-Water My PlantsTests.debug.xcconfig */;
			buildSettings = {
				BUNDLE_LOADER = "$(TEST_HOST)";
				CLANG_ENABLE_MODULES = YES;
				CODE_SIGN_STYLE = Automatic;
				INFOPLIST_FILE = "Water My PlantsTests/Info.plist";
				LD_RUNPATH_SEARCH_PATHS = (
					"$(inherited)",
					"@executable_path/Frameworks",
					"@loader_path/Frameworks",
				);
				PRODUCT_BUNDLE_IDENTIFIER = "Glad.Water-My-PlantsTests";
				PRODUCT_NAME = "$(TARGET_NAME)";
				SWIFT_OPTIMIZATION_LEVEL = "-Onone";
				SWIFT_VERSION = 5.0;
				TARGETED_DEVICE_FAMILY = "1,2";
				TEST_HOST = "$(BUILT_PRODUCTS_DIR)/Water My Plants.app/Water My Plants";
			};
			name = Debug;
		};
		C23A646D2541167800183FCE /* Release */ = {
			isa = XCBuildConfiguration;
			baseConfigurationReference = 50E6ABDEFA8AC06D36853212 /* Pods-Water My PlantsTests.release.xcconfig */;
			buildSettings = {
				BUNDLE_LOADER = "$(TEST_HOST)";
				CLANG_ENABLE_MODULES = YES;
				CODE_SIGN_STYLE = Automatic;
				INFOPLIST_FILE = "Water My PlantsTests/Info.plist";
				LD_RUNPATH_SEARCH_PATHS = (
					"$(inherited)",
					"@executable_path/Frameworks",
					"@loader_path/Frameworks",
				);
				PRODUCT_BUNDLE_IDENTIFIER = "Glad.Water-My-PlantsTests";
				PRODUCT_NAME = "$(TARGET_NAME)";
				SWIFT_VERSION = 5.0;
				TARGETED_DEVICE_FAMILY = "1,2";
				TEST_HOST = "$(BUILT_PRODUCTS_DIR)/Water My Plants.app/Water My Plants";
			};
			name = Release;
		};
		C23A6526254136E900183FCE /* Debug */ = {
			isa = XCBuildConfiguration;
			baseConfigurationReference = EAB248B05166C1F64A036754 /* Pods-Water My PlantsUITests.debug.xcconfig */;
			buildSettings = {
				CODE_SIGN_STYLE = Automatic;
				INFOPLIST_FILE = "Water My PlantsUITests/Info.plist";
				LD_RUNPATH_SEARCH_PATHS = (
					"$(inherited)",
					"@executable_path/Frameworks",
					"@loader_path/Frameworks",
				);
				PRODUCT_BUNDLE_IDENTIFIER = "Glad.Water-My-PlantsUITests";
				PRODUCT_NAME = "$(TARGET_NAME)";
				SWIFT_VERSION = 5.0;
				TARGETED_DEVICE_FAMILY = "1,2";
				TEST_TARGET_NAME = "Water My Plants";
			};
			name = Debug;
		};
		C23A6527254136E900183FCE /* Release */ = {
			isa = XCBuildConfiguration;
			baseConfigurationReference = 6166166176CB16B1107E645F /* Pods-Water My PlantsUITests.release.xcconfig */;
			buildSettings = {
				CODE_SIGN_STYLE = Automatic;
				INFOPLIST_FILE = "Water My PlantsUITests/Info.plist";
				LD_RUNPATH_SEARCH_PATHS = (
					"$(inherited)",
					"@executable_path/Frameworks",
					"@loader_path/Frameworks",
				);
				PRODUCT_BUNDLE_IDENTIFIER = "Glad.Water-My-PlantsUITests";
				PRODUCT_NAME = "$(TARGET_NAME)";
				SWIFT_VERSION = 5.0;
				TARGETED_DEVICE_FAMILY = "1,2";
				TEST_TARGET_NAME = "Water My Plants";
			};
			name = Release;
		};
		CA8E3D532536B2FE00FE0E24 /* Debug */ = {
			isa = XCBuildConfiguration;
			buildSettings = {
				ALWAYS_SEARCH_USER_PATHS = NO;
				CLANG_ANALYZER_NONNULL = YES;
				CLANG_ANALYZER_NUMBER_OBJECT_CONVERSION = YES_AGGRESSIVE;
				CLANG_CXX_LANGUAGE_STANDARD = "gnu++14";
				CLANG_CXX_LIBRARY = "libc++";
				CLANG_ENABLE_MODULES = YES;
				CLANG_ENABLE_OBJC_ARC = YES;
				CLANG_ENABLE_OBJC_WEAK = YES;
				CLANG_WARN_BLOCK_CAPTURE_AUTORELEASING = YES;
				CLANG_WARN_BOOL_CONVERSION = YES;
				CLANG_WARN_COMMA = YES;
				CLANG_WARN_CONSTANT_CONVERSION = YES;
				CLANG_WARN_DEPRECATED_OBJC_IMPLEMENTATIONS = YES;
				CLANG_WARN_DIRECT_OBJC_ISA_USAGE = YES_ERROR;
				CLANG_WARN_DOCUMENTATION_COMMENTS = YES;
				CLANG_WARN_EMPTY_BODY = YES;
				CLANG_WARN_ENUM_CONVERSION = YES;
				CLANG_WARN_INFINITE_RECURSION = YES;
				CLANG_WARN_INT_CONVERSION = YES;
				CLANG_WARN_NON_LITERAL_NULL_CONVERSION = YES;
				CLANG_WARN_OBJC_IMPLICIT_RETAIN_SELF = YES;
				CLANG_WARN_OBJC_LITERAL_CONVERSION = YES;
				CLANG_WARN_OBJC_ROOT_CLASS = YES_ERROR;
				CLANG_WARN_QUOTED_INCLUDE_IN_FRAMEWORK_HEADER = YES;
				CLANG_WARN_RANGE_LOOP_ANALYSIS = YES;
				CLANG_WARN_STRICT_PROTOTYPES = YES;
				CLANG_WARN_SUSPICIOUS_MOVE = YES;
				CLANG_WARN_UNGUARDED_AVAILABILITY = YES_AGGRESSIVE;
				CLANG_WARN_UNREACHABLE_CODE = YES;
				CLANG_WARN__DUPLICATE_METHOD_MATCH = YES;
				COPY_PHASE_STRIP = NO;
				DEBUG_INFORMATION_FORMAT = dwarf;
				ENABLE_STRICT_OBJC_MSGSEND = YES;
				ENABLE_TESTABILITY = YES;
				GCC_C_LANGUAGE_STANDARD = gnu11;
				GCC_DYNAMIC_NO_PIC = NO;
				GCC_NO_COMMON_BLOCKS = YES;
				GCC_OPTIMIZATION_LEVEL = 0;
				GCC_PREPROCESSOR_DEFINITIONS = (
					"DEBUG=1",
					"$(inherited)",
				);
				GCC_WARN_64_TO_32_BIT_CONVERSION = YES;
				GCC_WARN_ABOUT_RETURN_TYPE = YES_ERROR;
				GCC_WARN_UNDECLARED_SELECTOR = YES;
				GCC_WARN_UNINITIALIZED_AUTOS = YES_AGGRESSIVE;
				GCC_WARN_UNUSED_FUNCTION = YES;
				GCC_WARN_UNUSED_VARIABLE = YES;
				IPHONEOS_DEPLOYMENT_TARGET = 14.0;
				MTL_ENABLE_DEBUG_INFO = INCLUDE_SOURCE;
				MTL_FAST_MATH = YES;
				ONLY_ACTIVE_ARCH = YES;
				SDKROOT = iphoneos;
				SWIFT_ACTIVE_COMPILATION_CONDITIONS = DEBUG;
				SWIFT_OPTIMIZATION_LEVEL = "-Onone";
			};
			name = Debug;
		};
		CA8E3D542536B2FE00FE0E24 /* Release */ = {
			isa = XCBuildConfiguration;
			buildSettings = {
				ALWAYS_SEARCH_USER_PATHS = NO;
				CLANG_ANALYZER_NONNULL = YES;
				CLANG_ANALYZER_NUMBER_OBJECT_CONVERSION = YES_AGGRESSIVE;
				CLANG_CXX_LANGUAGE_STANDARD = "gnu++14";
				CLANG_CXX_LIBRARY = "libc++";
				CLANG_ENABLE_MODULES = YES;
				CLANG_ENABLE_OBJC_ARC = YES;
				CLANG_ENABLE_OBJC_WEAK = YES;
				CLANG_WARN_BLOCK_CAPTURE_AUTORELEASING = YES;
				CLANG_WARN_BOOL_CONVERSION = YES;
				CLANG_WARN_COMMA = YES;
				CLANG_WARN_CONSTANT_CONVERSION = YES;
				CLANG_WARN_DEPRECATED_OBJC_IMPLEMENTATIONS = YES;
				CLANG_WARN_DIRECT_OBJC_ISA_USAGE = YES_ERROR;
				CLANG_WARN_DOCUMENTATION_COMMENTS = YES;
				CLANG_WARN_EMPTY_BODY = YES;
				CLANG_WARN_ENUM_CONVERSION = YES;
				CLANG_WARN_INFINITE_RECURSION = YES;
				CLANG_WARN_INT_CONVERSION = YES;
				CLANG_WARN_NON_LITERAL_NULL_CONVERSION = YES;
				CLANG_WARN_OBJC_IMPLICIT_RETAIN_SELF = YES;
				CLANG_WARN_OBJC_LITERAL_CONVERSION = YES;
				CLANG_WARN_OBJC_ROOT_CLASS = YES_ERROR;
				CLANG_WARN_QUOTED_INCLUDE_IN_FRAMEWORK_HEADER = YES;
				CLANG_WARN_RANGE_LOOP_ANALYSIS = YES;
				CLANG_WARN_STRICT_PROTOTYPES = YES;
				CLANG_WARN_SUSPICIOUS_MOVE = YES;
				CLANG_WARN_UNGUARDED_AVAILABILITY = YES_AGGRESSIVE;
				CLANG_WARN_UNREACHABLE_CODE = YES;
				CLANG_WARN__DUPLICATE_METHOD_MATCH = YES;
				COPY_PHASE_STRIP = NO;
				DEBUG_INFORMATION_FORMAT = "dwarf-with-dsym";
				ENABLE_NS_ASSERTIONS = NO;
				ENABLE_STRICT_OBJC_MSGSEND = YES;
				GCC_C_LANGUAGE_STANDARD = gnu11;
				GCC_NO_COMMON_BLOCKS = YES;
				GCC_WARN_64_TO_32_BIT_CONVERSION = YES;
				GCC_WARN_ABOUT_RETURN_TYPE = YES_ERROR;
				GCC_WARN_UNDECLARED_SELECTOR = YES;
				GCC_WARN_UNINITIALIZED_AUTOS = YES_AGGRESSIVE;
				GCC_WARN_UNUSED_FUNCTION = YES;
				GCC_WARN_UNUSED_VARIABLE = YES;
				IPHONEOS_DEPLOYMENT_TARGET = 14.0;
				MTL_ENABLE_DEBUG_INFO = NO;
				MTL_FAST_MATH = YES;
				SDKROOT = iphoneos;
				SWIFT_COMPILATION_MODE = wholemodule;
				SWIFT_OPTIMIZATION_LEVEL = "-O";
				VALIDATE_PRODUCT = YES;
			};
			name = Release;
		};
		CA8E3D562536B2FE00FE0E24 /* Debug */ = {
			isa = XCBuildConfiguration;
			baseConfigurationReference = 43F1DE6D9347440C6E40239E /* Pods-Water My Plants.debug.xcconfig */;
			buildSettings = {
				ASSETCATALOG_COMPILER_APPICON_NAME = AppIcon;
				ASSETCATALOG_COMPILER_GLOBAL_ACCENT_COLOR_NAME = AccentColor;
				CODE_SIGN_STYLE = Automatic;
				DEVELOPMENT_TEAM = M54A7BX79B;
				INFOPLIST_FILE = "Water My Plants/Info.plist";
				IPHONEOS_DEPLOYMENT_TARGET = 14.0;
				LD_RUNPATH_SEARCH_PATHS = (
					"$(inherited)",
					"@executable_path/Frameworks",
				);
				PRODUCT_BUNDLE_IDENTIFIER = "com.bohdantkachenko.Water-My-Plants";
				PRODUCT_NAME = "$(TARGET_NAME)";
				SWIFT_VERSION = 5.0;
				TARGETED_DEVICE_FAMILY = "1,2";
			};
			name = Debug;
		};
		CA8E3D572536B2FE00FE0E24 /* Release */ = {
			isa = XCBuildConfiguration;
			baseConfigurationReference = 24567DEC17558A67C80EB991 /* Pods-Water My Plants.release.xcconfig */;
			buildSettings = {
				ASSETCATALOG_COMPILER_APPICON_NAME = AppIcon;
				ASSETCATALOG_COMPILER_GLOBAL_ACCENT_COLOR_NAME = AccentColor;
				CODE_SIGN_STYLE = Automatic;
				DEVELOPMENT_TEAM = M54A7BX79B;
				INFOPLIST_FILE = "Water My Plants/Info.plist";
				IPHONEOS_DEPLOYMENT_TARGET = 14.0;
				LD_RUNPATH_SEARCH_PATHS = (
					"$(inherited)",
					"@executable_path/Frameworks",
				);
				PRODUCT_BUNDLE_IDENTIFIER = "com.bohdantkachenko.Water-My-Plants";
				PRODUCT_NAME = "$(TARGET_NAME)";
				SWIFT_VERSION = 5.0;
				TARGETED_DEVICE_FAMILY = "1,2";
			};
			name = Release;
		};
/* End XCBuildConfiguration section */

/* Begin XCConfigurationList section */
		C23A646E2541167800183FCE /* Build configuration list for PBXNativeTarget "Water My PlantsTests" */ = {
			isa = XCConfigurationList;
			buildConfigurations = (
				C23A646C2541167800183FCE /* Debug */,
				C23A646D2541167800183FCE /* Release */,
			);
			defaultConfigurationIsVisible = 0;
			defaultConfigurationName = Release;
		};
		C23A6525254136E900183FCE /* Build configuration list for PBXNativeTarget "Water My PlantsUITests" */ = {
			isa = XCConfigurationList;
			buildConfigurations = (
				C23A6526254136E900183FCE /* Debug */,
				C23A6527254136E900183FCE /* Release */,
			);
			defaultConfigurationIsVisible = 0;
			defaultConfigurationName = Release;
		};
		CA8E3D3C2536B2E900FE0E24 /* Build configuration list for PBXProject "Water My Plants" */ = {
			isa = XCConfigurationList;
			buildConfigurations = (
				CA8E3D532536B2FE00FE0E24 /* Debug */,
				CA8E3D542536B2FE00FE0E24 /* Release */,
			);
			defaultConfigurationIsVisible = 0;
			defaultConfigurationName = Release;
		};
		CA8E3D552536B2FE00FE0E24 /* Build configuration list for PBXNativeTarget "Water My Plants" */ = {
			isa = XCConfigurationList;
			buildConfigurations = (
				CA8E3D562536B2FE00FE0E24 /* Debug */,
				CA8E3D572536B2FE00FE0E24 /* Release */,
			);
			defaultConfigurationIsVisible = 0;
			defaultConfigurationName = Release;
		};
/* End XCConfigurationList section */

/* Begin XCVersionGroup section */
		2271CC8B25394E6C00F5B118 /* CoreDataModel.xcdatamodeld */ = {
			isa = XCVersionGroup;
			children = (
				2271CC8C25394E6C00F5B118 /* CoreDataModel.xcdatamodel */,
			);
			currentVersion = 2271CC8C25394E6C00F5B118 /* CoreDataModel.xcdatamodel */;
			path = CoreDataModel.xcdatamodeld;
			sourceTree = "<group>";
			versionGroupType = wrapper.xcdatamodel;
		};
/* End XCVersionGroup section */
	};
	rootObject = CA8E3D392536B2E900FE0E24 /* Project object */;
}
